
Microsoft Visual Studio Solution File, Format Version 12.00
# Visual Studio Version 17
VisualStudioVersion = 17.5.33530.505
MinimumVisualStudioVersion = 10.0.40219.1
Project("{2150E333-8FDC-42A3-9474-1A3956D46DE8}") = "Services", "Services", "{12141D2A-54A6-4566-A394-DF65FEDFFE0A}"
EndProject
Project("{2150E333-8FDC-42A3-9474-1A3956D46DE8}") = "Catalog", "Catalog", "{59529D7B-4442-4405-BA33-4BAB094205DF}"
EndProject
Project("{9A19103F-16F7-4668-BE54-9A1E7A4F7556}") = "Catalog.API", "Services\Catalog\Catalog.API\Catalog.API.csproj", "{52E0E31B-F061-4E19-BBEF-8CFCD39704E5}"
EndProject
Project("{E53339B2-1760-4266-BCC7-CA923CBCF16C}") = "docker-compose", "docker-compose.dcproj", "{DE07AD8A-EE42-403A-AAEC-EF78A14E6970}"
EndProject
Project("{2150E333-8FDC-42A3-9474-1A3956D46DE8}") = "Basket", "Basket", "{DC141218-28AF-4C2B-BCFC-BDE980C04DAA}"
EndProject
Project("{9A19103F-16F7-4668-BE54-9A1E7A4F7556}") = "Basket.API", "Services\Basket\Basket.API\Basket.API.csproj", "{D4A2F242-4ED6-485B-A982-103C20523D4D}"
EndProject
Project("{2150E333-8FDC-42A3-9474-1A3956D46DE8}") = "Discount", "Discount", "{90F8F10C-2776-4FA4-BDA5-EFF55DFFD2E0}"
EndProject
Project("{9A19103F-16F7-4668-BE54-9A1E7A4F7556}") = "Discount.API", "Services\Discount\Discount.API\Discount.API.csproj", "{4BB27E25-CD1A-41B5-A835-3A71ACE93A8F}"
EndProject
Project("{9A19103F-16F7-4668-BE54-9A1E7A4F7556}") = "Discount.Grpc", "Services\Discount\Discount.Grpc\Discount.Grpc.csproj", "{D45D7154-AE33-4358-A6BB-5B64D131B4A9}"
EndProject
Project("{2150E333-8FDC-42A3-9474-1A3956D46DE8}") = "Order", "Order", "{91476AAE-5EF2-4C42-894F-8BD27161ADBB}"
EndProject
Project("{9A19103F-16F7-4668-BE54-9A1E7A4F7556}") = "Order.API", "Services\Order\Order.API\Order.API.csproj", "{617E19B5-A655-4093-B530-D77A9356FFBE}"
EndProject
Project("{9A19103F-16F7-4668-BE54-9A1E7A4F7556}") = "Order.Domain", "Services\Order\Order.Domain\Order.Domain.csproj", "{68453D83-01D1-40CB-9F0B-E5BA94C612D8}"
EndProject
Project("{9A19103F-16F7-4668-BE54-9A1E7A4F7556}") = "Order.Application", "Services\Order\Order.Application\Order.Application.csproj", "{865EEE65-A953-4B51-AB5C-A1F4FCB58973}"
EndProject
Project("{9A19103F-16F7-4668-BE54-9A1E7A4F7556}") = "Order.Infrastructure", "Services\Order\Order.Infrastructure\Order.Infrastructure.csproj", "{9D163E29-DFF2-4091-B463-D6565D495A2C}"
EndProject
Project("{2150E333-8FDC-42A3-9474-1A3956D46DE8}") = "BuildingBlocks", "BuildingBlocks", "{7ADA55E6-FCA9-4727-8CEB-278FF89921FA}"
EndProject
Project("{9A19103F-16F7-4668-BE54-9A1E7A4F7556}") = "EventBus.Messages", "BuildingBlocks\EventBus.Messages\EventBus.Messages.csproj", "{5DBA4FA5-0687-4491-B97A-98013EA8E8F7}"
EndProject
Project("{2150E333-8FDC-42A3-9474-1A3956D46DE8}") = "ApiGateways", "ApiGateways", "{5568B67B-F4F4-4CC7-8AE1-0D79D75F38DE}"
EndProject
Project("{9A19103F-16F7-4668-BE54-9A1E7A4F7556}") = "OcelotApiGateway", "ApiGateways\OcelotApiGateway\OcelotApiGateway.csproj", "{86A90E28-9880-4112-AB8A-80FE989252A0}"
EndProject
Project("{9A19103F-16F7-4668-BE54-9A1E7A4F7556}") = "Shopping.Aggregator", "ApiGateways\Shopping.Aggregator\Shopping.Aggregator.csproj", "{D09401F8-4DEB-41FE-B3DD-2A15293C8157}"
EndProject
Project("{2150E333-8FDC-42A3-9474-1A3956D46DE8}") = "WebApps", "WebApps", "{D9A8485F-0016-48B2-9283-A4B12C896063}"
EndProject
Project("{9A19103F-16F7-4668-BE54-9A1E7A4F7556}") = "AspnetRunBasics", "WebApps\AspnetRunBasics\AspnetRunBasics.csproj", "{232DE034-5A06-4A85-9FB2-BFAA261AE45E}"
EndProject
Project("{2150E333-8FDC-42A3-9474-1A3956D46DE8}") = "Identity", "Identity", "{F6AEDD5F-6077-4564-8DAA-D039B3181A36}"
EndProject
Project("{FAE04EC0-301F-11D3-BF4B-00C04F79EFBC}") = "IdentityServer", "Services\Identity\IdentityServer\IdentityServer.csproj", "{3F87B880-6B13-4FA1-9E56-A032EFC4BCD7}"
EndProject
Global
	GlobalSection(SolutionConfigurationPlatforms) = preSolution
		Debug|Any CPU = Debug|Any CPU
		Release|Any CPU = Release|Any CPU
	EndGlobalSection
	GlobalSection(ProjectConfigurationPlatforms) = postSolution
		{52E0E31B-F061-4E19-BBEF-8CFCD39704E5}.Debug|Any CPU.ActiveCfg = Debug|Any CPU
		{52E0E31B-F061-4E19-BBEF-8CFCD39704E5}.Debug|Any CPU.Build.0 = Debug|Any CPU
		{52E0E31B-F061-4E19-BBEF-8CFCD39704E5}.Release|Any CPU.ActiveCfg = Release|Any CPU
		{52E0E31B-F061-4E19-BBEF-8CFCD39704E5}.Release|Any CPU.Build.0 = Release|Any CPU
		{DE07AD8A-EE42-403A-AAEC-EF78A14E6970}.Debug|Any CPU.ActiveCfg = Debug|Any CPU
		{DE07AD8A-EE42-403A-AAEC-EF78A14E6970}.Debug|Any CPU.Build.0 = Debug|Any CPU
		{DE07AD8A-EE42-403A-AAEC-EF78A14E6970}.Release|Any CPU.ActiveCfg = Release|Any CPU
		{DE07AD8A-EE42-403A-AAEC-EF78A14E6970}.Release|Any CPU.Build.0 = Release|Any CPU
		{D4A2F242-4ED6-485B-A982-103C20523D4D}.Debug|Any CPU.ActiveCfg = Debug|Any CPU
		{D4A2F242-4ED6-485B-A982-103C20523D4D}.Debug|Any CPU.Build.0 = Debug|Any CPU
		{D4A2F242-4ED6-485B-A982-103C20523D4D}.Release|Any CPU.ActiveCfg = Release|Any CPU
		{D4A2F242-4ED6-485B-A982-103C20523D4D}.Release|Any CPU.Build.0 = Release|Any CPU
		{4BB27E25-CD1A-41B5-A835-3A71ACE93A8F}.Debug|Any CPU.ActiveCfg = Debug|Any CPU
		{4BB27E25-CD1A-41B5-A835-3A71ACE93A8F}.Debug|Any CPU.Build.0 = Debug|Any CPU
		{4BB27E25-CD1A-41B5-A835-3A71ACE93A8F}.Release|Any CPU.ActiveCfg = Release|Any CPU
		{4BB27E25-CD1A-41B5-A835-3A71ACE93A8F}.Release|Any CPU.Build.0 = Release|Any CPU
		{D45D7154-AE33-4358-A6BB-5B64D131B4A9}.Debug|Any CPU.ActiveCfg = Debug|Any CPU
		{D45D7154-AE33-4358-A6BB-5B64D131B4A9}.Debug|Any CPU.Build.0 = Debug|Any CPU
		{D45D7154-AE33-4358-A6BB-5B64D131B4A9}.Release|Any CPU.ActiveCfg = Release|Any CPU
		{D45D7154-AE33-4358-A6BB-5B64D131B4A9}.Release|Any CPU.Build.0 = Release|Any CPU
		{617E19B5-A655-4093-B530-D77A9356FFBE}.Debug|Any CPU.ActiveCfg = Debug|Any CPU
		{617E19B5-A655-4093-B530-D77A9356FFBE}.Debug|Any CPU.Build.0 = Debug|Any CPU
		{617E19B5-A655-4093-B530-D77A9356FFBE}.Release|Any CPU.ActiveCfg = Release|Any CPU
		{617E19B5-A655-4093-B530-D77A9356FFBE}.Release|Any CPU.Build.0 = Release|Any CPU
		{68453D83-01D1-40CB-9F0B-E5BA94C612D8}.Debug|Any CPU.ActiveCfg = Debug|Any CPU
		{68453D83-01D1-40CB-9F0B-E5BA94C612D8}.Debug|Any CPU.Build.0 = Debug|Any CPU
		{68453D83-01D1-40CB-9F0B-E5BA94C612D8}.Release|Any CPU.ActiveCfg = Release|Any CPU
		{68453D83-01D1-40CB-9F0B-E5BA94C612D8}.Release|Any CPU.Build.0 = Release|Any CPU
		{865EEE65-A953-4B51-AB5C-A1F4FCB58973}.Debug|Any CPU.ActiveCfg = Debug|Any CPU
		{865EEE65-A953-4B51-AB5C-A1F4FCB58973}.Debug|Any CPU.Build.0 = Debug|Any CPU
		{865EEE65-A953-4B51-AB5C-A1F4FCB58973}.Release|Any CPU.ActiveCfg = Release|Any CPU
		{865EEE65-A953-4B51-AB5C-A1F4FCB58973}.Release|Any CPU.Build.0 = Release|Any CPU
		{9D163E29-DFF2-4091-B463-D6565D495A2C}.Debug|Any CPU.ActiveCfg = Debug|Any CPU
		{9D163E29-DFF2-4091-B463-D6565D495A2C}.Debug|Any CPU.Build.0 = Debug|Any CPU
		{9D163E29-DFF2-4091-B463-D6565D495A2C}.Release|Any CPU.ActiveCfg = Release|Any CPU
		{9D163E29-DFF2-4091-B463-D6565D495A2C}.Release|Any CPU.Build.0 = Release|Any CPU
		{5DBA4FA5-0687-4491-B97A-98013EA8E8F7}.Debug|Any CPU.ActiveCfg = Debug|Any CPU
		{5DBA4FA5-0687-4491-B97A-98013EA8E8F7}.Debug|Any CPU.Build.0 = Debug|Any CPU
		{5DBA4FA5-0687-4491-B97A-98013EA8E8F7}.Release|Any CPU.ActiveCfg = Release|Any CPU
		{5DBA4FA5-0687-4491-B97A-98013EA8E8F7}.Release|Any CPU.Build.0 = Release|Any CPU
		{86A90E28-9880-4112-AB8A-80FE989252A0}.Debug|Any CPU.ActiveCfg = Debug|Any CPU
		{86A90E28-9880-4112-AB8A-80FE989252A0}.Debug|Any CPU.Build.0 = Debug|Any CPU
		{86A90E28-9880-4112-AB8A-80FE989252A0}.Release|Any CPU.ActiveCfg = Release|Any CPU
		{86A90E28-9880-4112-AB8A-80FE989252A0}.Release|Any CPU.Build.0 = Release|Any CPU
		{D09401F8-4DEB-41FE-B3DD-2A15293C8157}.Debug|Any CPU.ActiveCfg = Debug|Any CPU
		{D09401F8-4DEB-41FE-B3DD-2A15293C8157}.Debug|Any CPU.Build.0 = Debug|Any CPU
		{D09401F8-4DEB-41FE-B3DD-2A15293C8157}.Release|Any CPU.ActiveCfg = Release|Any CPU
		{D09401F8-4DEB-41FE-B3DD-2A15293C8157}.Release|Any CPU.Build.0 = Release|Any CPU
		{232DE034-5A06-4A85-9FB2-BFAA261AE45E}.Debug|Any CPU.ActiveCfg = Debug|Any CPU
		{232DE034-5A06-4A85-9FB2-BFAA261AE45E}.Debug|Any CPU.Build.0 = Debug|Any CPU
		{232DE034-5A06-4A85-9FB2-BFAA261AE45E}.Release|Any CPU.ActiveCfg = Release|Any CPU
		{232DE034-5A06-4A85-9FB2-BFAA261AE45E}.Release|Any CPU.Build.0 = Release|Any CPU
		{3F87B880-6B13-4FA1-9E56-A032EFC4BCD7}.Debug|Any CPU.ActiveCfg = Debug|Any CPU
		{3F87B880-6B13-4FA1-9E56-A032EFC4BCD7}.Debug|Any CPU.Build.0 = Debug|Any CPU
		{3F87B880-6B13-4FA1-9E56-A032EFC4BCD7}.Release|Any CPU.ActiveCfg = Release|Any CPU
		{3F87B880-6B13-4FA1-9E56-A032EFC4BCD7}.Release|Any CPU.Build.0 = Release|Any CPU
	EndGlobalSection
	GlobalSection(SolutionProperties) = preSolution
		HideSolutionNode = FALSE
	EndGlobalSection
	GlobalSection(NestedProjects) = preSolution
		{59529D7B-4442-4405-BA33-4BAB094205DF} = {12141D2A-54A6-4566-A394-DF65FEDFFE0A}
		{52E0E31B-F061-4E19-BBEF-8CFCD39704E5} = {59529D7B-4442-4405-BA33-4BAB094205DF}
		{DC141218-28AF-4C2B-BCFC-BDE980C04DAA} = {12141D2A-54A6-4566-A394-DF65FEDFFE0A}
		{D4A2F242-4ED6-485B-A982-103C20523D4D} = {DC141218-28AF-4C2B-BCFC-BDE980C04DAA}
		{90F8F10C-2776-4FA4-BDA5-EFF55DFFD2E0} = {12141D2A-54A6-4566-A394-DF65FEDFFE0A}
		{4BB27E25-CD1A-41B5-A835-3A71ACE93A8F} = {90F8F10C-2776-4FA4-BDA5-EFF55DFFD2E0}
		{D45D7154-AE33-4358-A6BB-5B64D131B4A9} = {90F8F10C-2776-4FA4-BDA5-EFF55DFFD2E0}
		{91476AAE-5EF2-4C42-894F-8BD27161ADBB} = {12141D2A-54A6-4566-A394-DF65FEDFFE0A}
		{617E19B5-A655-4093-B530-D77A9356FFBE} = {91476AAE-5EF2-4C42-894F-8BD27161ADBB}
		{68453D83-01D1-40CB-9F0B-E5BA94C612D8} = {91476AAE-5EF2-4C42-894F-8BD27161ADBB}
		{865EEE65-A953-4B51-AB5C-A1F4FCB58973} = {91476AAE-5EF2-4C42-894F-8BD27161ADBB}
		{9D163E29-DFF2-4091-B463-D6565D495A2C} = {91476AAE-5EF2-4C42-894F-8BD27161ADBB}
		{5DBA4FA5-0687-4491-B97A-98013EA8E8F7} = {7ADA55E6-FCA9-4727-8CEB-278FF89921FA}
		{86A90E28-9880-4112-AB8A-80FE989252A0} = {5568B67B-F4F4-4CC7-8AE1-0D79D75F38DE}
		{D09401F8-4DEB-41FE-B3DD-2A15293C8157} = {5568B67B-F4F4-4CC7-8AE1-0D79D75F38DE}
		{232DE034-5A06-4A85-9FB2-BFAA261AE45E} = {D9A8485F-0016-48B2-9283-A4B12C896063}
		{F6AEDD5F-6077-4564-8DAA-D039B3181A36} = {12141D2A-54A6-4566-A394-DF65FEDFFE0A}
		{3F87B880-6B13-4FA1-9E56-A032EFC4BCD7} = {F6AEDD5F-6077-4564-8DAA-D039B3181A36}
	EndGlobalSection
	GlobalSection(ExtensibilityGlobals) = postSolution
		SolutionGuid = {FC69A0D5-A79E-4798-8C1F-CC80551D2189}
	EndGlobalSection
EndGlobal
