
Microsoft Visual Studio Solution File, Format Version 12.00
# Visual Studio Version 17
VisualStudioVersion = 17.5.33530.505
MinimumVisualStudioVersion = 10.0.40219.1
Project("{2150E333-8FDC-42A3-9474-1A3956D46DE8}") = "Services", "Services", "{12141D2A-54A6-4566-A394-DF65FEDFFE0A}"
EndProject
Project("{2150E333-8FDC-42A3-9474-1A3956D46DE8}") = "Catalog", "Catalog", "{59529D7B-4442-4405-BA33-4BAB094205DF}"
EndProject
Project("{9A19103F-16F7-4668-BE54-9A1E7A4F7556}") = "Catalog.API", "Services\Catalog\Catalog.API\Catalog.API.csproj", "{52E0E31B-F061-4E19-BBEF-8CFCD39704E5}"
EndProject
Project("{E53339B2-1760-4266-BCC7-CA923CBCF16C}") = "docker-compose", "docker-compose.dcproj", "{DE07AD8A-EE42-403A-AAEC-EF78A14E6970}"
EndProject
Project("{2150E333-8FDC-42A3-9474-1A3956D46DE8}") = "Basket", "Basket", "{DC141218-28AF-4C2B-BCFC-BDE980C04DAA}"
EndProject
Project("{9A19103F-16F7-4668-BE54-9A1E7A4F7556}") = "Basket.API", "Services\Basket\Basket.API\Basket.API.csproj", "{D4A2F242-4ED6-485B-A982-103C20523D4D}"
EndProject
Project("{2150E333-8FDC-42A3-9474-1A3956D46DE8}") = "Discount", "Discount", "{90F8F10C-2776-4FA4-BDA5-EFF55DFFD2E0}"
EndProject
Project("{9A19103F-16F7-4668-BE54-9A1E7A4F7556}") = "Discount.API", "Services\Discount\Discount.API\Discount.API.csproj", "{4BB27E25-CD1A-41B5-A835-3A71ACE93A8F}"
EndProject
Project("{FAE04EC0-301F-11D3-BF4B-00C04F79EFBC}") = "Discount.Grpc", "Services\Discount\Discount.Grpc\Discount.Grpc.csproj", "{D45D7154-AE33-4358-A6BB-5B64D131B4A9}"
EndProject
Global
	GlobalSection(SolutionConfigurationPlatforms) = preSolution
		Debug|Any CPU = Debug|Any CPU
		Release|Any CPU = Release|Any CPU
	EndGlobalSection
	GlobalSection(ProjectConfigurationPlatforms) = postSolution
		{52E0E31B-F061-4E19-BBEF-8CFCD39704E5}.Debug|Any CPU.ActiveCfg = Debug|Any CPU
		{52E0E31B-F061-4E19-BBEF-8CFCD39704E5}.Debug|Any CPU.Build.0 = Debug|Any CPU
		{52E0E31B-F061-4E19-BBEF-8CFCD39704E5}.Release|Any CPU.ActiveCfg = Release|Any CPU
		{52E0E31B-F061-4E19-BBEF-8CFCD39704E5}.Release|Any CPU.Build.0 = Release|Any CPU
		{DE07AD8A-EE42-403A-AAEC-EF78A14E6970}.Debug|Any CPU.ActiveCfg = Debug|Any CPU
		{DE07AD8A-EE42-403A-AAEC-EF78A14E6970}.Debug|Any CPU.Build.0 = Debug|Any CPU
		{DE07AD8A-EE42-403A-AAEC-EF78A14E6970}.Release|Any CPU.ActiveCfg = Release|Any CPU
		{DE07AD8A-EE42-403A-AAEC-EF78A14E6970}.Release|Any CPU.Build.0 = Release|Any CPU
		{D4A2F242-4ED6-485B-A982-103C20523D4D}.Debug|Any CPU.ActiveCfg = Debug|Any CPU
		{D4A2F242-4ED6-485B-A982-103C20523D4D}.Debug|Any CPU.Build.0 = Debug|Any CPU
		{D4A2F242-4ED6-485B-A982-103C20523D4D}.Release|Any CPU.ActiveCfg = Release|Any CPU
		{D4A2F242-4ED6-485B-A982-103C20523D4D}.Release|Any CPU.Build.0 = Release|Any CPU
		{4BB27E25-CD1A-41B5-A835-3A71ACE93A8F}.Debug|Any CPU.ActiveCfg = Debug|Any CPU
		{4BB27E25-CD1A-41B5-A835-3A71ACE93A8F}.Debug|Any CPU.Build.0 = Debug|Any CPU
		{4BB27E25-CD1A-41B5-A835-3A71ACE93A8F}.Release|Any CPU.ActiveCfg = Release|Any CPU
		{4BB27E25-CD1A-41B5-A835-3A71ACE93A8F}.Release|Any CPU.Build.0 = Release|Any CPU
		{D45D7154-AE33-4358-A6BB-5B64D131B4A9}.Debug|Any CPU.ActiveCfg = Debug|Any CPU
		{D45D7154-AE33-4358-A6BB-5B64D131B4A9}.Debug|Any CPU.Build.0 = Debug|Any CPU
		{D45D7154-AE33-4358-A6BB-5B64D131B4A9}.Release|Any CPU.ActiveCfg = Release|Any CPU
		{D45D7154-AE33-4358-A6BB-5B64D131B4A9}.Release|Any CPU.Build.0 = Release|Any CPU
	EndGlobalSection
	GlobalSection(SolutionProperties) = preSolution
		HideSolutionNode = FALSE
	EndGlobalSection
	GlobalSection(NestedProjects) = preSolution
		{59529D7B-4442-4405-BA33-4BAB094205DF} = {12141D2A-54A6-4566-A394-DF65FEDFFE0A}
		{52E0E31B-F061-4E19-BBEF-8CFCD39704E5} = {59529D7B-4442-4405-BA33-4BAB094205DF}
		{DC141218-28AF-4C2B-BCFC-BDE980C04DAA} = {12141D2A-54A6-4566-A394-DF65FEDFFE0A}
		{D4A2F242-4ED6-485B-A982-103C20523D4D} = {DC141218-28AF-4C2B-BCFC-BDE980C04DAA}
		{90F8F10C-2776-4FA4-BDA5-EFF55DFFD2E0} = {12141D2A-54A6-4566-A394-DF65FEDFFE0A}
		{4BB27E25-CD1A-41B5-A835-3A71ACE93A8F} = {90F8F10C-2776-4FA4-BDA5-EFF55DFFD2E0}
		{D45D7154-AE33-4358-A6BB-5B64D131B4A9} = {90F8F10C-2776-4FA4-BDA5-EFF55DFFD2E0}
	EndGlobalSection
	GlobalSection(ExtensibilityGlobals) = postSolution
		SolutionGuid = {FC69A0D5-A79E-4798-8C1F-CC80551D2189}
	EndGlobalSection
EndGlobal
